<?xml version="1.0" encoding="utf-8"?>
<Project ToolsVersion="4.0" xmlns="http://schemas.microsoft.com/developer/msbuild/2003">
  <ItemGroup>
    <ClCompile Include="stdafx.cpp" />
    <ClCompile Include="..\src\Body.cpp">
      <Filter>src</Filter>
    </ClCompile>
    <ClCompile Include="..\src\RayResult.cpp">
      <Filter>src</Filter>
    </ClCompile>
    <ClCompile Include="..\src\World.cpp">
      <Filter>src</Filter>
    </ClCompile>
    <ClCompile Include="..\include\Dojo2D\PhysUtil.cpp" />
    <ClCompile Include="..\src\ConvexDecomposition\b2Polygon.cpp">
      <Filter>src\ConvexDecomposition</Filter>
    </ClCompile>
    <ClCompile Include="..\src\ConvexDecomposition\b2Triangle.cpp">
      <Filter>src\ConvexDecomposition</Filter>
    </ClCompile>
    <ClCompile Include="..\src\ParticleSystem.cpp">
      <Filter>src</Filter>
    </ClCompile>
  </ItemGroup>
  <ItemGroup>
    <ClInclude Include="stdafx.h" />
    <ClInclude Include="..\include\Dojo2D\Body.h">
      <Filter>include</Filter>
    </ClInclude>
    <ClInclude Include="..\include\Dojo2D\common_header.h">
      <Filter>include</Filter>
    </ClInclude>
    <ClInclude Include="..\include\Dojo2D\PhysUtil.h">
      <Filter>include</Filter>
    </ClInclude>
    <ClInclude Include="..\include\Dojo2D\RayResult.h">
      <Filter>include</Filter>
    </ClInclude>
    <ClInclude Include="..\include\Dojo2D\World.h">
      <Filter>include</Filter>
    </ClInclude>
    <ClInclude Include="..\include\Dojo2D\Material.h">
      <Filter>include</Filter>
    </ClInclude>
    <ClInclude Include="..\include\Dojo2D\ParticleSystem.h">
      <Filter>include</Filter>
    </ClInclude>
    <ClInclude Include="..\include\Dojo2D\ContactMode.h" />
    <ClInclude Include="..\include\Dojo2D\WorldListener.h" />
  </ItemGroup>
  <ItemGroup>
    <Filter Include="include">
      <UniqueIdentifier>{8d9181b4-a9c6-4f3e-b2ab-ba7181e637ca}</UniqueIdentifier>
    </Filter>
    <Filter Include="src">
      <UniqueIdentifier>{e277f3d6-08f2-4b96-a300-9930bf0d349e}</UniqueIdentifier>
    </Filter>
    <Filter Include="src\ConvexDecomposition">
      <UniqueIdentifier>{9958d130-c518-4b9c-9cb4-5f8675a44064}</UniqueIdentifier>
    </Filter>
  </ItemGroup>
</Project>